<?xml version="1.0" encoding="utf-8"?>
<Project ToolsVersion="4.0" xmlns="http://schemas.microsoft.com/developer/msbuild/2003">
  <ItemGroup>
    <Filter Include="Source Files">
      <UniqueIdentifier>{4FC737F1-C7A5-4376-A066-2A32D752A2FF}</UniqueIdentifier>
      <Extensions>cpp;c;cc;cxx;c++;cppm;ixx;def;odl;idl;hpj;bat;asm;asmx</Extensions>
    </Filter>
    <Filter Include="Header Files">
      <UniqueIdentifier>{93995380-89BD-4b04-88EB-625FBE52EBFB}</UniqueIdentifier>
      <Extensions>h;hh;hpp;hxx;h++;hm;inl;inc;ipp;xsd</Extensions>
    </Filter>
    <Filter Include="Resource Files">
      <UniqueIdentifier>{67DA6AB6-F800-4c08-8B7A-83BB121AAD01}</UniqueIdentifier>
      <Extensions>rc;ico;cur;bmp;dlg;rc2;rct;bin;rgs;gif;jpg;jpeg;jpe;resx;tiff;tif;png;wav;mfcribbon-ms</Extensions>
    </Filter>
    <Filter Include="UI">
      <UniqueIdentifier>{8f315462-7bfe-4fc3-bdcc-0ba29934face}</UniqueIdentifier>
    </Filter>
    <Filter Include="Engines">
      <UniqueIdentifier>{a37f81fb-8454-4bd5-95c2-798f5aad4492}</UniqueIdentifier>
    </Filter>
    <Filter Include="Objects">
      <UniqueIdentifier>{e74a14c2-997d-4919-88f4-286723f4e306}</UniqueIdentifier>
    </Filter>
    <Filter Include="Scripts">
      <UniqueIdentifier>{5edad5c4-24e6-44c3-976c-aabaf08f0df1}</UniqueIdentifier>
    </Filter>
    <Filter Include="Scripts\InputHandler">
      <UniqueIdentifier>{ad085834-a3bf-4f32-847a-c9b27f7cbd59}</UniqueIdentifier>
    </Filter>
    <Filter Include="Scripts\MenuLoader">
      <UniqueIdentifier>{cff2409d-8955-4579-bcaf-5e7baeaffa04}</UniqueIdentifier>
    </Filter>
    <Filter Include="Scripts\Managers">
      <UniqueIdentifier>{b1672de3-4c2e-4217-9b12-a146990c12ac}</UniqueIdentifier>
    </Filter>
    <Filter Include="Data">
      <UniqueIdentifier>{214f2ee4-02cb-4888-a991-78f50b3f4879}</UniqueIdentifier>
    </Filter>
  </ItemGroup>
  <ItemGroup>
    <ClCompile Include="main.cpp">
      <Filter>Source Files</Filter>
    </ClCompile>
    <ClCompile Include="BoxML.cpp">
      <Filter>Engines</Filter>
    </ClCompile>
    <ClCompile Include="bfRectangle.cpp">
      <Filter>Objects</Filter>
    </ClCompile>
    <ClCompile Include="bfObject.cpp">
      <Filter>Objects</Filter>
    </ClCompile>
    <ClCompile Include="bfCircle.cpp">
      <Filter>Objects</Filter>
    </ClCompile>
    <ClCompile Include="WorldContactListener.cpp">
      <Filter>Engines</Filter>
    </ClCompile>
    <ClCompile Include="InputHandler.hpp">
      <Filter>Scripts\InputHandler</Filter>
    </ClCompile>
    <ClCompile Include="bfMonster.cpp">
      <Filter>Objects</Filter>
    </ClCompile>
    <ClCompile Include="bfCharacter.cpp">
      <Filter>Objects</Filter>
    </ClCompile>
    <ClCompile Include="bfPlayer.cpp">
      <Filter>Objects</Filter>
    </ClCompile>
    <ClCompile Include="bfSpeedWall.cpp">
      <Filter>Objects</Filter>
    </ClCompile>
    <ClCompile Include="bfWall.cpp">
      <Filter>Objects</Filter>
    </ClCompile>
    <ClCompile Include="VisualHandler.hpp">
      <Filter>Header Files</Filter>
    </ClCompile>
    <ClCompile Include="bfDoor.cpp">
      <Filter>Objects</Filter>
    </ClCompile>
    <ClCompile Include="bfKey.cpp">
      <Filter>Objects</Filter>
    </ClCompile>
    <ClCompile Include="MainMenu.hpp">
      <Filter>UI</Filter>
    </ClCompile>
    <ClCompile Include="LevelMenu.hpp">
      <Filter>UI</Filter>
    </ClCompile>
    <ClCompile Include="MenuManager.hpp">
      <Filter>Scripts\Managers</Filter>
    </ClCompile>
    <ClCompile Include="BaseMenu.hpp">
      <Filter>UI</Filter>
    </ClCompile>
    <ClCompile Include="StartupVideo.cpp">
      <Filter>Engines</Filter>
    </ClCompile>
  </ItemGroup>
  <ItemGroup>
    <ClInclude Include="BoxML.h">
      <Filter>Engines</Filter>
    </ClInclude>
    <ClInclude Include="bfCircle.h">
      <Filter>Objects</Filter>
    </ClInclude>
    <ClInclude Include="bfObject.h">
      <Filter>Objects</Filter>
    </ClInclude>
    <ClInclude Include="bfRectangle.h">
      <Filter>Objects</Filter>
    </ClInclude>
    <ClInclude Include="WorldContactListener.h">
      <Filter>Engines</Filter>
    </ClInclude>
    <ClInclude Include="def.h">
      <Filter>Header Files</Filter>
    </ClInclude>
    <ClInclude Include="bfMonster.h">
      <Filter>Objects</Filter>
    </ClInclude>
    <ClInclude Include="bfCharacter.h">
      <Filter>Objects</Filter>
    </ClInclude>
    <ClInclude Include="bfPlayer.h">
      <Filter>Objects</Filter>
    </ClInclude>
    <ClInclude Include="ObjectCategory.h">
      <Filter>Data</Filter>
    </ClInclude>
    <ClInclude Include="GameManager.hpp">
      <Filter>Data</Filter>
    </ClInclude>
    <ClInclude Include="LevelData.hpp">
      <Filter>Data</Filter>
    </ClInclude>
    <ClInclude Include="bfSpeedWall.h">
      <Filter>Objects</Filter>
    </ClInclude>
    <ClInclude Include="bfWall.h">
      <Filter>Objects</Filter>
    </ClInclude>
    <ClInclude Include="Level1.hpp">
      <Filter>Header Files</Filter>
    </ClInclude>
    <ClInclude Include="Hud.hpp">
      <Filter>Header Files</Filter>
    </ClInclude>
    <ClInclude Include="Level2.hpp">
      <Filter>Header Files</Filter>
    </ClInclude>
    <ClInclude Include="Level3.hpp">
      <Filter>Header Files</Filter>
    </ClInclude>
    <ClInclude Include="WinMenu.hpp">
      <Filter>UI</Filter>
    </ClInclude>
    <ClInclude Include="PauseMenu.hpp">
      <Filter>UI</Filter>
    </ClInclude>
    <ClInclude Include="LoseMenu.hpp">
      <Filter>UI</Filter>
    </ClInclude>
    <ClInclude Include="LevelManager.hpp">
      <Filter>Scripts\Managers</Filter>
    </ClInclude>
    <ClInclude Include="CharacterData.h">
      <Filter>Header Files</Filter>
    </ClInclude>
    <ClInclude Include="Level4.hpp">
      <Filter>Header Files</Filter>
    </ClInclude>
    <ClInclude Include="StartupVideo.h">
      <Filter>Engines</Filter>
    </ClInclude>
    <ClInclude Include="bfKey.h">
      <Filter>Objects</Filter>
    </ClInclude>
    <ClInclude Include="bfDoor.h">
      <Filter>Objects</Filter>
    </ClInclude>
  </ItemGroup>
  <ItemGroup>
    <Text Include="Documentation.txt" />
    <Text Include="INFO.txt" />
  </ItemGroup>
</Project>